// !$*UTF8*$!
{
	archiveVersion = 1;
	classes = {
	};
	objectVersion = 46;
	objects = {

/* Begin PBXBuildFile section */
		098CD4911EE053B0004CFB98 /* MoneyTrees.mp3 in Resources */ = {isa = PBXBuildFile; fileRef = 098CD4901EE053B0004CFB98 /* MoneyTrees.mp3 */; };
		09B898511EDC6B84005C279B /* AppDelegate.swift in Sources */ = {isa = PBXBuildFile; fileRef = 09B898501EDC6B84005C279B /* AppDelegate.swift */; };
		09B898531EDC6B84005C279B /* ViewController.swift in Sources */ = {isa = PBXBuildFile; fileRef = 09B898521EDC6B84005C279B /* ViewController.swift */; };
		09B898561EDC6B84005C279B /* Main.storyboard in Resources */ = {isa = PBXBuildFile; fileRef = 09B898541EDC6B84005C279B /* Main.storyboard */; };
		09B898591EDC6B84005C279B /* Hustlemode.xcdatamodeld in Sources */ = {isa = PBXBuildFile; fileRef = 09B898571EDC6B84005C279B /* Hustlemode.xcdatamodeld */; };
		09B8985B1EDC6B84005C279B /* Assets.xcassets in Resources */ = {isa = PBXBuildFile; fileRef = 09B8985A1EDC6B84005C279B /* Assets.xcassets */; };
		09B8985E1EDC6B84005C279B /* LaunchScreen.storyboard in Resources */ = {isa = PBXBuildFile; fileRef = 09B8985C1EDC6B84005C279B /* LaunchScreen.storyboard */; };
		09B898691EDC6B84005C279B /* HustlemodeUITests.swift in Sources */ = {isa = PBXBuildFile; fileRef = 09B898681EDC6B84005C279B /* HustlemodeUITests.swift */; };
/* End PBXBuildFile section */

/* Begin PBXContainerItemProxy section */
		09B898651EDC6B84005C279B /* PBXContainerItemProxy */ = {
			isa = PBXContainerItemProxy;
			containerPortal = 09B898451EDC6B84005C279B /* Project object */;
			proxyType = 1;
			remoteGlobalIDString = 09B8984C1EDC6B84005C279B;
			remoteInfo = Hustlemode;
		};
/* End PBXContainerItemProxy section */

/* Begin PBXFileReference section */
		098CD4901EE053B0004CFB98 /* MoneyTrees.mp3 */ = {isa = PBXFileReference; lastKnownFileType = audio.mp3; path = MoneyTrees.mp3; sourceTree = "<group>"; };
		09B8984D1EDC6B84005C279B /* Hustlemode.app */ = {isa = PBXFileReference; explicitFileType = wrapper.application; includeInIndex = 0; path = Hustlemode.app; sourceTree = BUILT_PRODUCTS_DIR; };
		09B898501EDC6B84005C279B /* AppDelegate.swift */ = {isa = PBXFileReference; lastKnownFileType = sourcecode.swift; path = AppDelegate.swift; sourceTree = "<group>"; };
		09B898521EDC6B84005C279B /* ViewController.swift */ = {isa = PBXFileReference; lastKnownFileType = sourcecode.swift; path = ViewController.swift; sourceTree = "<group>"; xcLanguageSpecificationIdentifier = xcode.lang.swift; };
		09B898551EDC6B84005C279B /* Base */ = {isa = PBXFileReference; lastKnownFileType = file.storyboard; name = Base; path = Base.lproj/Main.storyboard; sourceTree = "<group>"; };
		09B898581EDC6B84005C279B /* Hustlemode.xcdatamodel */ = {isa = PBXFileReference; lastKnownFileType = wrapper.xcdatamodel; path = Hustlemode.xcdatamodel; sourceTree = "<group>"; };
		09B8985A1EDC6B84005C279B /* Assets.xcassets */ = {isa = PBXFileReference; lastKnownFileType = folder.assetcatalog; path = Assets.xcassets; sourceTree = "<group>"; };
		09B8985D1EDC6B84005C279B /* Base */ = {isa = PBXFileReference; lastKnownFileType = file.storyboard; name = Base; path = Base.lproj/LaunchScreen.storyboard; sourceTree = "<group>"; };
		09B8985F1EDC6B84005C279B /* Info.plist */ = {isa = PBXFileReference; lastKnownFileType = text.plist.xml; path = Info.plist; sourceTree = "<group>"; };
		09B898641EDC6B84005C279B /* HustlemodeUITests.xctest */ = {isa = PBXFileReference; explicitFileType = wrapper.cfbundle; includeInIndex = 0; path = HustlemodeUITests.xctest; sourceTree = BUILT_PRODUCTS_DIR; };
		09B898681EDC6B84005C279B /* HustlemodeUITests.swift */ = {isa = PBXFileReference; lastKnownFileType = sourcecode.swift; path = HustlemodeUITests.swift; sourceTree = "<group>"; };
		09B8986A1EDC6B84005C279B /* Info.plist */ = {isa = PBXFileReference; lastKnownFileType = text.plist.xml; path = Info.plist; sourceTree = "<group>"; };
/* End PBXFileReference section */

/* Begin PBXFrameworksBuildPhase section */
		09B8984A1EDC6B84005C279B /* Frameworks */ = {
			isa = PBXFrameworksBuildPhase;
			buildActionMask = 2147483647;
			files = (
			);
			runOnlyForDeploymentPostprocessing = 0;
		};
		09B898611EDC6B84005C279B /* Frameworks */ = {
			isa = PBXFrameworksBuildPhase;
			buildActionMask = 2147483647;
			files = (
			);
			runOnlyForDeploymentPostprocessing = 0;
		};
/* End PBXFrameworksBuildPhase section */

/* Begin PBXGroup section */
		098CD48F1EE05372004CFB98 /* Music */ = {
			isa = PBXGroup;
			children = (
				098CD4901EE053B0004CFB98 /* MoneyTrees.mp3 */,
			);
			name = Music;
			sourceTree = "<group>";
		};
		09B898441EDC6B84005C279B = {
			isa = PBXGroup;
			children = (
				09B8984F1EDC6B84005C279B /* Hustlemode */,
				09B898671EDC6B84005C279B /* HustlemodeUITests */,
				09B8984E1EDC6B84005C279B /* Products */,
			);
			sourceTree = "<group>";
		};
		09B8984E1EDC6B84005C279B /* Products */ = {
			isa = PBXGroup;
			children = (
				09B8984D1EDC6B84005C279B /* Hustlemode.app */,
				09B898641EDC6B84005C279B /* HustlemodeUITests.xctest */,
			);
			name = Products;
			sourceTree = "<group>";
		};
		09B8984F1EDC6B84005C279B /* Hustlemode */ = {
			isa = PBXGroup;
			children = (
				09B898501EDC6B84005C279B /* AppDelegate.swift */,
				09B898521EDC6B84005C279B /* ViewController.swift */,
				09B898541EDC6B84005C279B /* Main.storyboard */,
				09B8985A1EDC6B84005C279B /* Assets.xcassets */,
				09B8985C1EDC6B84005C279B /* LaunchScreen.storyboard */,
				09B8985F1EDC6B84005C279B /* Info.plist */,
				098CD48F1EE05372004CFB98 /* Music */,
				09B898571EDC6B84005C279B /* Hustlemode.xcdatamodeld */,
			);
			path = Hustlemode;
			sourceTree = "<group>";
		};
		09B898671EDC6B84005C279B /* HustlemodeUITests */ = {
			isa = PBXGroup;
			children = (
				09B898681EDC6B84005C279B /* HustlemodeUITests.swift */,
				09B8986A1EDC6B84005C279B /* Info.plist */,
			);
			path = HustlemodeUITests;
			sourceTree = "<group>";
		};
/* End PBXGroup section */

/* Begin PBXNativeTarget section */
		09B8984C1EDC6B84005C279B /* Hustlemode */ = {
			isa = PBXNativeTarget;
			buildConfigurationList = 09B8986D1EDC6B84005C279B /* Build configuration list for PBXNativeTarget "Hustlemode" */;
			buildPhases = (
				09B898491EDC6B84005C279B /* Sources */,
				09B8984A1EDC6B84005C279B /* Frameworks */,
				09B8984B1EDC6B84005C279B /* Resources */,
			);
			buildRules = (
			);
			dependencies = (
			);
			name = Hustlemode;
			productName = Hustlemode;
			productReference = 09B8984D1EDC6B84005C279B /* Hustlemode.app */;
			productType = "com.apple.product-type.application";
		};
		09B898631EDC6B84005C279B /* HustlemodeUITests */ = {
			isa = PBXNativeTarget;
			buildConfigurationList = 09B898701EDC6B84005C279B /* Build configuration list for PBXNativeTarget "HustlemodeUITests" */;
			buildPhases = (
				09B898601EDC6B84005C279B /* Sources */,
				09B898611EDC6B84005C279B /* Frameworks */,
				09B898621EDC6B84005C279B /* Resources */,
			);
			buildRules = (
			);
			dependencies = (
				09B898661EDC6B84005C279B /* PBXTargetDependency */,
			);
			name = HustlemodeUITests;
			productName = HustlemodeUITests;
			productReference = 09B898641EDC6B84005C279B /* HustlemodeUITests.xctest */;
			productType = "com.apple.product-type.bundle.ui-testing";
		};
/* End PBXNativeTarget section */

/* Begin PBXProject section */
		09B898451EDC6B84005C279B /* Project object */ = {
			isa = PBXProject;
			attributes = {
				LastSwiftUpdateCheck = 0800;
				LastUpgradeCheck = 0800;
				ORGANIZATIONNAME = "Cassiel Hilbe";
				TargetAttributes = {
					09B8984C1EDC6B84005C279B = {
						CreatedOnToolsVersion = 8.0;
						DevelopmentTeam = 89NXCNWJ2X;
						ProvisioningStyle = Automatic;
						SystemCapabilities = {
							com.apple.BackgroundModes = {
								enabled = 1;
							};
						};
					};
					09B898631EDC6B84005C279B = {
						CreatedOnToolsVersion = 8.0;
						DevelopmentTeam = 89NXCNWJ2X;
						ProvisioningStyle = Automatic;
						TestTargetID = 09B8984C1EDC6B84005C279B;
					};
				};
			};
			buildConfigurationList = 09B898481EDC6B84005C279B /* Build configuration list for PBXProject "Hustlemode" */;
			compatibilityVersion = "Xcode 3.2";
			developmentRegion = English;
			hasScannedForEncodings = 0;
			knownRegions = (
				en,
				Base,
			);
			mainGroup = 09B898441EDC6B84005C279B;
			productRefGroup = 09B8984E1EDC6B84005C279B /* Products */;
			projectDirPath = "";
			projectRoot = "";
			targets = (
				09B8984C1EDC6B84005C279B /* Hustlemode */,
				09B898631EDC6B84005C279B /* HustlemodeUITests */,
			);
		};
/* End PBXProject section */

/* Begin PBXResourcesBuildPhase section */
		09B8984B1EDC6B84005C279B /* Resources */ = {
			isa = PBXResourcesBuildPhase;
			buildActionMask = 2147483647;
			files = (
				09B8985E1EDC6B84005C279B /* LaunchScreen.storyboard in Resources */,
				09B8985B1EDC6B84005C279B /* Assets.xcassets in Resources */,
				09B898561EDC6B84005C279B /* Main.storyboard in Resources */,
				098CD4911EE053B0004CFB98 /* MoneyTrees.mp3 in Resources */,
			);
			runOnlyForDeploymentPostprocessing = 0;
		};
		09B898621EDC6B84005C279B /* Resources */ = {
			isa = PBXResourcesBuildPhase;
			buildActionMask = 2147483647;
			files = (
			);
			runOnlyForDeploymentPostprocessing = 0;
		};
/* End PBXResourcesBuildPhase section */

/* Begin PBXSourcesBuildPhase section */
		09B898491EDC6B84005C279B /* Sources */ = {
			isa = PBXSourcesBuildPhase;
			buildActionMask = 2147483647;
			files = (
				09B898531EDC6B84005C279B /* ViewController.swift in Sources */,
				09B898591EDC6B84005C279B /* Hustlemode.xcdatamodeld in Sources */,
				09B898511EDC6B84005C279B /* AppDelegate.swift in Sources */,
			);
			runOnlyForDeploymentPostprocessing = 0;
		};
		09B898601EDC6B84005C279B /* Sources */ = {
			isa = PBXSourcesBuildPhase;
			buildActionMask = 2147483647;
			files = (
				09B898691EDC6B84005C279B /* HustlemodeUITests.swift in Sources */,
			);
			runOnlyForDeploymentPostprocessing = 0;
		};
/* End PBXSourcesBuildPhase section */

/* Begin PBXTargetDependency section */
		09B898661EDC6B84005C279B /* PBXTargetDependency */ = {
			isa = PBXTargetDependency;
			target = 09B8984C1EDC6B84005C279B /* Hustlemode */;
			targetProxy = 09B898651EDC6B84005C279B /* PBXContainerItemProxy */;
		};
/* End PBXTargetDependency section */

/* Begin PBXVariantGroup section */
		09B898541EDC6B84005C279B /* Main.storyboard */ = {
			isa = PBXVariantGroup;
			children = (
				09B898551EDC6B84005C279B /* Base */,
			);
			name = Main.storyboard;
			sourceTree = "<group>";
		};
		09B8985C1EDC6B84005C279B /* LaunchScreen.storyboard */ = {
			isa = PBXVariantGroup;
			children = (
				09B8985D1EDC6B84005C279B /* Base */,
			);
			name = LaunchScreen.storyboard;
			sourceTree = "<group>";
		};
/* End PBXVariantGroup section */

/* Begin XCBuildConfiguration section */
		09B8986B1EDC6B84005C279B /* Debug */ = {
			isa = XCBuildConfiguration;
			buildSettings = {
				ALWAYS_SEARCH_USER_PATHS = NO;
				CLANG_ANALYZER_NONNULL = YES;
				CLANG_CXX_LANGUAGE_STANDARD = "gnu++0x";
				CLANG_CXX_LIBRARY = "libc++";
				CLANG_ENABLE_MODULES = YES;
				CLANG_ENABLE_OBJC_ARC = YES;
				CLANG_WARN_BOOL_CONVERSION = YES;
				CLANG_WARN_CONSTANT_CONVERSION = YES;
				CLANG_WARN_DIRECT_OBJC_ISA_USAGE = YES_ERROR;
				CLANG_WARN_DOCUMENTATION_COMMENTS = YES;
				CLANG_WARN_EMPTY_BODY = YES;
				CLANG_WARN_ENUM_CONVERSION = YES;
				CLANG_WARN_INFINITE_RECURSION = YES;
				CLANG_WARN_INT_CONVERSION = YES;
				CLANG_WARN_OBJC_ROOT_CLASS = YES_ERROR;
				CLANG_WARN_SUSPICIOUS_MOVES = YES;
				CLANG_WARN_UNREACHABLE_CODE = YES;
				CLANG_WARN__DUPLICATE_METHOD_MATCH = YES;
				"CODE_SIGN_IDENTITY[sdk=iphoneos*]" = "iPhone Developer";
				COPY_PHASE_STRIP = NO;
				DEBUG_INFORMATION_FORMAT = dwarf;
				ENABLE_STRICT_OBJC_MSGSEND = YES;
				ENABLE_TESTABILITY = YES;
				GCC_C_LANGUAGE_STANDARD = gnu99;
				GCC_DYNAMIC_NO_PIC = NO;
				GCC_NO_COMMON_BLOCKS = YES;
				GCC_OPTIMIZATION_LEVEL = 0;
				GCC_PREPROCESSOR_DEFINITIONS = (
					"DEBUG=1",
					"$(inherited)",
				);
				GCC_WARN_64_TO_32_BIT_CONVERSION = YES;
				GCC_WARN_ABOUT_RETURN_TYPE = YES_ERROR;
				GCC_WARN_UNDECLARED_SELECTOR = YES;
				GCC_WARN_UNINITIALIZED_AUTOS = YES_AGGRESSIVE;
				GCC_WARN_UNUSED_FUNCTION = YES;
				GCC_WARN_UNUSED_VARIABLE = YES;
				IPHONEOS_DEPLOYMENT_TARGET = 10.0;
				MTL_ENABLE_DEBUG_INFO = YES;
				ONLY_ACTIVE_ARCH = YES;
				SDKROOT = iphoneos;
				SWIFT_ACTIVE_COMPILATION_CONDITIONS = DEBUG;
				SWIFT_OPTIMIZATION_LEVEL = "-Onone";
			};
			name = Debug;
		};
		09B8986C1EDC6B84005C279B /* Release */ = {
			isa = XCBuildConfiguration;
			buildSettings = {
				ALWAYS_SEARCH_USER_PATHS = NO;
				CLANG_ANALYZER_NONNULL = YES;
				CLANG_CXX_LANGUAGE_STANDARD = "gnu++0x";
				CLANG_CXX_LIBRARY = "libc++";
				CLANG_ENABLE_MODULES = YES;
				CLANG_ENABLE_OBJC_ARC = YES;
				CLANG_WARN_BOOL_CONVERSION = YES;
				CLANG_WARN_CONSTANT_CONVERSION = YES;
				CLANG_WARN_DIRECT_OBJC_ISA_USAGE = YES_ERROR;
				CLANG_WARN_DOCUMENTATION_COMMENTS = YES;
				CLANG_WARN_EMPTY_BODY = YES;
				CLANG_WARN_ENUM_CONVERSION = YES;
				CLANG_WARN_INFINITE_RECURSION = YES;
				CLANG_WARN_INT_CONVERSION = YES;
				CLANG_WARN_OBJC_ROOT_CLASS = YES_ERROR;
				CLANG_WARN_SUSPICIOUS_MOVES = YES;
				CLANG_WARN_UNREACHABLE_CODE = YES;
				CLANG_WARN__DUPLICATE_METHOD_MATCH = YES;
				"CODE_SIGN_IDENTITY[sdk=iphoneos*]" = "iPhone Developer";
				COPY_PHASE_STRIP = NO;
				DEBUG_INFORMATION_FORMAT = "dwarf-with-dsym";
				ENABLE_NS_ASSERTIONS = NO;
				ENABLE_STRICT_OBJC_MSGSEND = YES;
				GCC_C_LANGUAGE_STANDARD = gnu99;
				GCC_NO_COMMON_BLOCKS = YES;
				GCC_WARN_64_TO_32_BIT_CONVERSION = YES;
				GCC_WARN_ABOUT_RETURN_TYPE = YES_ERROR;
				GCC_WARN_UNDECLARED_SELECTOR = YES;
				GCC_WARN_UNINITIALIZED_AUTOS = YES_AGGRESSIVE;
				GCC_WARN_UNUSED_FUNCTION = YES;
				GCC_WARN_UNUSED_VARIABLE = YES;
				IPHONEOS_DEPLOYMENT_TARGET = 10.0;
				MTL_ENABLE_DEBUG_INFO = NO;
				SDKROOT = iphoneos;
				SWIFT_OPTIMIZATION_LEVEL = "-Owholemodule";
				VALIDATE_PRODUCT = YES;
			};
			name = Release;
		};
		09B8986E1EDC6B84005C279B /* Debug */ = {
			isa = XCBuildConfiguration;
			buildSettings = {
				ASSETCATALOG_COMPILER_APPICON_NAME = AppIcon;
				DEVELOPMENT_TEAM = 89NXCNWJ2X;
				INFOPLIST_FILE = Hustlemode/Info.plist;
				LD_RUNPATH_SEARCH_PATHS = "$(inherited) @executable_path/Frameworks";
				PRODUCT_BUNDLE_IDENTIFIER = cassielhilbe.Hustlemode;
				PRODUCT_NAME = "$(TARGET_NAME)";
				SWIFT_VERSION = 3.0;
			};
			name = Debug;
		};
		09B8986F1EDC6B84005C279B /* Release */ = {
			isa = XCBuildConfiguration;
			buildSettings = {
				ASSETCATALOG_COMPILER_APPICON_NAME = AppIcon;
				DEVELOPMENT_TEAM = 89NXCNWJ2X;
				INFOPLIST_FILE = Hustlemode/Info.plist;
				LD_RUNPATH_SEARCH_PATHS = "$(inherited) @executable_path/Frameworks";
				PRODUCT_BUNDLE_IDENTIFIER = cassielhilbe.Hustlemode;
				PRODUCT_NAME = "$(TARGET_NAME)";
				SWIFT_VERSION = 3.0;
			};
			name = Release;
		};
		09B898711EDC6B84005C279B /* Debug */ = {
			isa = XCBuildConfiguration;
			buildSettings = {
				ALWAYS_EMBED_SWIFT_STANDARD_LIBRARIES = YES;
				DEVELOPMENT_TEAM = 89NXCNWJ2X;
				INFOPLIST_FILE = HustlemodeUITests/Info.plist;
				LD_RUNPATH_SEARCH_PATHS = "$(inherited) @executable_path/Frameworks @loader_path/Frameworks";
				PRODUCT_BUNDLE_IDENTIFIER = cassielhilbe.HustlemodeUITests;
				PRODUCT_NAME = "$(TARGET_NAME)";
				SWIFT_VERSION = 3.0;
				TEST_TARGET_NAME = Hustlemode;
			};
			name = Debug;
		};
		09B898721EDC6B84005C279B /* Release */ = {
			isa = XCBuildConfiguration;
			buildSettings = {
				ALWAYS_EMBED_SWIFT_STANDARD_LIBRARIES = YES;
				DEVELOPMENT_TEAM = 89NXCNWJ2X;
				INFOPLIST_FILE = HustlemodeUITests/Info.plist;
				LD_RUNPATH_SEARCH_PATHS = "$(inherited) @executable_path/Frameworks @loader_path/Frameworks";
				PRODUCT_BUNDLE_IDENTIFIER = cassielhilbe.HustlemodeUITests;
				PRODUCT_NAME = "$(TARGET_NAME)";
				SWIFT_VERSION = 3.0;
				TEST_TARGET_NAME = Hustlemode;
			};
			name = Release;
		};
/* End XCBuildConfiguration section */

/* Begin XCConfigurationList section */
		09B898481EDC6B84005C279B /* Build configuration list for PBXProject "Hustlemode" */ = {
			isa = XCConfigurationList;
			buildConfigurations = (
				09B8986B1EDC6B84005C279B /* Debug */,
				09B8986C1EDC6B84005C279B /* Release */,
			);
			defaultConfigurationIsVisible = 0;
			defaultConfigurationName = Release;
		};
		09B8986D1EDC6B84005C279B /* Build configuration list for PBXNativeTarget "Hustlemode" */ = {
			isa = XCConfigurationList;
			buildConfigurations = (
				09B8986E1EDC6B84005C279B /* Debug */,
				09B8986F1EDC6B84005C279B /* Release */,
			);
			defaultConfigurationIsVisible = 0;
			defaultConfigurationName = Release;
		};
		09B898701EDC6B84005C279B /* Build configuration list for PBXNativeTarget "HustlemodeUITests" */ = {
			isa = XCConfigurationList;
			buildConfigurations = (
				09B898711EDC6B84005C279B /* Debug */,
				09B898721EDC6B84005C279B /* Release */,
			);
			defaultConfigurationIsVisible = 0;
			defaultConfigurationName = Release;
		};
/* End XCConfigurationList section */

/* Begin XCVersionGroup section */
		09B898571EDC6B84005C279B /* Hustlemode.xcdatamodeld */ = {
			isa = XCVersionGroup;
			children = (
				09B898581EDC6B84005C279B /* Hustlemode.xcdatamodel */,
			);
			currentVersion = 09B898581EDC6B84005C279B /* Hustlemode.xcdatamodel */;
			path = Hustlemode.xcdatamodeld;
			sourceTree = "<group>";
			versionGroupType = wrapper.xcdatamodel;
		};
/* End XCVersionGroup section */
	};
	rootObject = 09B898451EDC6B84005C279B /* Project object */;
}
